
Microsoft Visual Studio Solution File, Format Version 12.00
# Visual Studio Version 17
VisualStudioVersion = 17.14.36414.22 d17.14
MinimumVisualStudioVersion = 10.0.40219.1
Project("{FAE04EC0-301F-11D3-BF4B-00C04F79EFBC}") = "ResturantPG_MVC", "ResturantPG_MVC.csproj", "{A3E5DB29-1612-47E4-8F3D-9AEAC781C15E}"
EndProject
Global
	GlobalSection(SolutionConfigurationPlatforms) = preSolution
		Debug|Any CPU = Debug|Any CPU
		Release|Any CPU = Release|Any CPU
	EndGlobalSection
	GlobalSection(ProjectConfigurationPlatforms) = postSolution
		{A3E5DB29-1612-47E4-8F3D-9AEAC781C15E}.Debug|Any CPU.ActiveCfg = Debug|Any CPU
		{A3E5DB29-1612-47E4-8F3D-9AEAC781C15E}.Debug|Any CPU.Build.0 = Debug|Any CPU
		{A3E5DB29-1612-47E4-8F3D-9AEAC781C15E}.Release|Any CPU.ActiveCfg = Release|Any CPU
		{A3E5DB29-1612-47E4-8F3D-9AEAC781C15E}.Release|Any CPU.Build.0 = Release|Any CPU
	EndGlobalSection
	GlobalSection(SolutionProperties) = preSolution
		HideSolutionNode = FALSE
	EndGlobalSection
	GlobalSection(ExtensibilityGlobals) = postSolution
		SolutionGuid = {2832C8AE-6FE7-464A-A95C-C8127BF3B219}
	EndGlobalSection
EndGlobal
